// !$*UTF8*$!
{
	archiveVersion = 1;
	classes = {
	};
	objectVersion = 56;
	objects = {

/* Begin PBXBuildFile section */
		2C348BFF293135BA00079ABC /* UserInfoVC.swift in Sources */ = {isa = PBXBuildFile; fileRef = 2C348BFE293135BA00079ABC /* UserInfoVC.swift */; };
		2C348C0129313B0900079ABC /* GFInfoHeaderVC.swift in Sources */ = {isa = PBXBuildFile; fileRef = 2C348C0029313B0900079ABC /* GFInfoHeaderVC.swift */; };
		2C348C0329313B4900079ABC /* GFSecondaryLabel.swift in Sources */ = {isa = PBXBuildFile; fileRef = 2C348C0229313B4900079ABC /* GFSecondaryLabel.swift */; };
		2C81F0052930FB3B003C2C6A /* AppDelegate.swift in Sources */ = {isa = PBXBuildFile; fileRef = 2C81F0042930FB3B003C2C6A /* AppDelegate.swift */; };
		2C81F0072930FB3B003C2C6A /* SceneDelegate.swift in Sources */ = {isa = PBXBuildFile; fileRef = 2C81F0062930FB3B003C2C6A /* SceneDelegate.swift */; };
		2C81F00E2930FB3D003C2C6A /* Assets.xcassets in Resources */ = {isa = PBXBuildFile; fileRef = 2C81F00D2930FB3D003C2C6A /* Assets.xcassets */; };
		2C81F0112930FB3D003C2C6A /* LaunchScreen.storyboard in Resources */ = {isa = PBXBuildFile; fileRef = 2C81F00F2930FB3D003C2C6A /* LaunchScreen.storyboard */; };
		2C81F01B2930FB8B003C2C6A /* SearchVC.swift in Sources */ = {isa = PBXBuildFile; fileRef = 2C81F01A2930FB8B003C2C6A /* SearchVC.swift */; };
		2C81F01D2930FBDE003C2C6A /* TabBarVC.swift in Sources */ = {isa = PBXBuildFile; fileRef = 2C81F01C2930FBDE003C2C6A /* TabBarVC.swift */; };
		2C81F01F293104C2003C2C6A /* FavoriteListVC.swift in Sources */ = {isa = PBXBuildFile; fileRef = 2C81F01E293104C2003C2C6A /* FavoriteListVC.swift */; };
		2C81F0242931063F003C2C6A /* GFTitleLabel.swift in Sources */ = {isa = PBXBuildFile; fileRef = 2C81F0232931063F003C2C6A /* GFTitleLabel.swift */; };
		2C81F02729310716003C2C6A /* GFTextField.swift in Sources */ = {isa = PBXBuildFile; fileRef = 2C81F02629310716003C2C6A /* GFTextField.swift */; };
		2C81F02929310862003C2C6A /* GFButton.swift in Sources */ = {isa = PBXBuildFile; fileRef = 2C81F02829310862003C2C6A /* GFButton.swift */; };
		2C81F02C29310954003C2C6A /* Constants.swift in Sources */ = {isa = PBXBuildFile; fileRef = 2C81F02B29310954003C2C6A /* Constants.swift */; };
		2C81F02F29310B3F003C2C6A /* NetworkLayer.swift in Sources */ = {isa = PBXBuildFile; fileRef = 2C81F02E29310B3F003C2C6A /* NetworkLayer.swift */; };
		2C81F03229310BAA003C2C6A /* Follower.swift in Sources */ = {isa = PBXBuildFile; fileRef = 2C81F03129310BAA003C2C6A /* Follower.swift */; };
		2C81F03429310BB2003C2C6A /* User.swift in Sources */ = {isa = PBXBuildFile; fileRef = 2C81F03329310BB2003C2C6A /* User.swift */; };
		2C81F03629310CE3003C2C6A /* GFError.swift in Sources */ = {isa = PBXBuildFile; fileRef = 2C81F03529310CE3003C2C6A /* GFError.swift */; };
		2C81F03829310EA9003C2C6A /* FollowerListVC.swift in Sources */ = {isa = PBXBuildFile; fileRef = 2C81F03729310EA9003C2C6A /* FollowerListVC.swift */; };
		2C81F03B293110D3003C2C6A /* GFAlertVC.swift in Sources */ = {isa = PBXBuildFile; fileRef = 2C81F03A293110D3003C2C6A /* GFAlertVC.swift */; };
		2C81F03D293111DA003C2C6A /* UIView+Ext.swift in Sources */ = {isa = PBXBuildFile; fileRef = 2C81F03C293111DA003C2C6A /* UIView+Ext.swift */; };
		2C81F0402931130A003C2C6A /* GFBodyLabel.swift in Sources */ = {isa = PBXBuildFile; fileRef = 2C81F03F2931130A003C2C6A /* GFBodyLabel.swift */; };
		2C81F04229311613003C2C6A /* UIViewController+Ext.swift in Sources */ = {isa = PBXBuildFile; fileRef = 2C81F04129311613003C2C6A /* UIViewController+Ext.swift */; };
		2C81F04429311956003C2C6A /* UIHelper.swift in Sources */ = {isa = PBXBuildFile; fileRef = 2C81F04329311956003C2C6A /* UIHelper.swift */; };
		2C81F04729311B25003C2C6A /* GFImageView.swift in Sources */ = {isa = PBXBuildFile; fileRef = 2C81F04629311B25003C2C6A /* GFImageView.swift */; };
		2C81F04A29311BAF003C2C6A /* FollowerCell.swift in Sources */ = {isa = PBXBuildFile; fileRef = 2C81F04929311BAF003C2C6A /* FollowerCell.swift */; };
		2C81F04C293121FD003C2C6A /* GFDataLoadingVC.swift in Sources */ = {isa = PBXBuildFile; fileRef = 2C81F04B293121FD003C2C6A /* GFDataLoadingVC.swift */; };
		2C9339F3293B451700EBB859 /* FavoriteContracts.swift in Sources */ = {isa = PBXBuildFile; fileRef = 2C9339F2293B451700EBB859 /* FavoriteContracts.swift */; };
		2C9339F5293B452300EBB859 /* FavoritePresentation.swift in Sources */ = {isa = PBXBuildFile; fileRef = 2C9339F4293B452300EBB859 /* FavoritePresentation.swift */; };
		2C9339F7293B453C00EBB859 /* FavoriteVM.swift in Sources */ = {isa = PBXBuildFile; fileRef = 2C9339F6293B453C00EBB859 /* FavoriteVM.swift */; };
		2C9339FA293B46E100EBB859 /* PersistanceManager.swift in Sources */ = {isa = PBXBuildFile; fileRef = 2C9339F9293B46E100EBB859 /* PersistanceManager.swift */; };
		2C9585AC293A80FD00453989 /* FollowerListVM.swift in Sources */ = {isa = PBXBuildFile; fileRef = 2C9585AB293A80FD00453989 /* FollowerListVM.swift */; };
		2C9585AE293A810B00453989 /* FollowerListPresentation.swift in Sources */ = {isa = PBXBuildFile; fileRef = 2C9585AD293A810B00453989 /* FollowerListPresentation.swift */; };
		2C9585B0293A811400453989 /* FollowerListContracts.swift in Sources */ = {isa = PBXBuildFile; fileRef = 2C9585AF293A811400453989 /* FollowerListContracts.swift */; };
		2C9585B2293A890B00453989 /* FollowerListBuilder.swift in Sources */ = {isa = PBXBuildFile; fileRef = 2C9585B1293A890B00453989 /* FollowerListBuilder.swift */; };
		2C9585B5293AA49F00453989 /* UserInfoContracts.swift in Sources */ = {isa = PBXBuildFile; fileRef = 2C9585B4293AA49F00453989 /* UserInfoContracts.swift */; };
		2C9585B7293AA4AA00453989 /* UserInfoVM.swift in Sources */ = {isa = PBXBuildFile; fileRef = 2C9585B6293AA4AA00453989 /* UserInfoVM.swift */; };
		2C9585B9293AA55300453989 /* UserInfoPresentation.swift in Sources */ = {isa = PBXBuildFile; fileRef = 2C9585B8293AA55300453989 /* UserInfoPresentation.swift */; };
		2C9585BB293AACBE00453989 /* UserInfoVCBuilder.swift in Sources */ = {isa = PBXBuildFile; fileRef = 2C9585BA293AACBE00453989 /* UserInfoVCBuilder.swift */; };
		2C9585BF293AAEE600453989 /* AppContainer.swift in Sources */ = {isa = PBXBuildFile; fileRef = 2C9585BE293AAEE600453989 /* AppContainer.swift */; };
		2C9BC5662932227B007946AB /* GFItemInfo.swift in Sources */ = {isa = PBXBuildFile; fileRef = 2C9BC5652932227B007946AB /* GFItemInfo.swift */; };
		2C9BC56929322488007946AB /* GFItemInfoVC.swift in Sources */ = {isa = PBXBuildFile; fileRef = 2C9BC56829322488007946AB /* GFItemInfoVC.swift */; };
		2C9BC56B2932260C007946AB /* GFRepoInfoVC.swift in Sources */ = {isa = PBXBuildFile; fileRef = 2C9BC56A2932260C007946AB /* GFRepoInfoVC.swift */; };
		2C9BC56D29322980007946AB /* GFFollowerInfoVC.swift in Sources */ = {isa = PBXBuildFile; fileRef = 2C9BC56C29322980007946AB /* GFFollowerInfoVC.swift */; };
		2C9BC56F29322C3B007946AB /* Date+Ext.swift in Sources */ = {isa = PBXBuildFile; fileRef = 2C9BC56E29322C3B007946AB /* Date+Ext.swift */; };
/* End PBXBuildFile section */

/* Begin PBXFileReference section */
		2C348BFE293135BA00079ABC /* UserInfoVC.swift */ = {isa = PBXFileReference; lastKnownFileType = sourcecode.swift; path = UserInfoVC.swift; sourceTree = "<group>"; };
		2C348C0029313B0900079ABC /* GFInfoHeaderVC.swift */ = {isa = PBXFileReference; lastKnownFileType = sourcecode.swift; path = GFInfoHeaderVC.swift; sourceTree = "<group>"; };
		2C348C0229313B4900079ABC /* GFSecondaryLabel.swift */ = {isa = PBXFileReference; lastKnownFileType = sourcecode.swift; path = GFSecondaryLabel.swift; sourceTree = "<group>"; };
		2C81F0012930FB3B003C2C6A /* GHFollowers.app */ = {isa = PBXFileReference; explicitFileType = wrapper.application; includeInIndex = 0; path = GHFollowers.app; sourceTree = BUILT_PRODUCTS_DIR; };
		2C81F0042930FB3B003C2C6A /* AppDelegate.swift */ = {isa = PBXFileReference; lastKnownFileType = sourcecode.swift; path = AppDelegate.swift; sourceTree = "<group>"; };
		2C81F0062930FB3B003C2C6A /* SceneDelegate.swift */ = {isa = PBXFileReference; lastKnownFileType = sourcecode.swift; path = SceneDelegate.swift; sourceTree = "<group>"; };
		2C81F00D2930FB3D003C2C6A /* Assets.xcassets */ = {isa = PBXFileReference; lastKnownFileType = folder.assetcatalog; path = Assets.xcassets; sourceTree = "<group>"; };
		2C81F0102930FB3D003C2C6A /* Base */ = {isa = PBXFileReference; lastKnownFileType = file.storyboard; name = Base; path = Base.lproj/LaunchScreen.storyboard; sourceTree = "<group>"; };
		2C81F0122930FB3D003C2C6A /* Info.plist */ = {isa = PBXFileReference; lastKnownFileType = text.plist.xml; path = Info.plist; sourceTree = "<group>"; };
		2C81F01A2930FB8B003C2C6A /* SearchVC.swift */ = {isa = PBXFileReference; lastKnownFileType = sourcecode.swift; path = SearchVC.swift; sourceTree = "<group>"; };
		2C81F01C2930FBDE003C2C6A /* TabBarVC.swift */ = {isa = PBXFileReference; lastKnownFileType = sourcecode.swift; path = TabBarVC.swift; sourceTree = "<group>"; };
		2C81F01E293104C2003C2C6A /* FavoriteListVC.swift */ = {isa = PBXFileReference; lastKnownFileType = sourcecode.swift; path = FavoriteListVC.swift; sourceTree = "<group>"; };
		2C81F0232931063F003C2C6A /* GFTitleLabel.swift */ = {isa = PBXFileReference; lastKnownFileType = sourcecode.swift; path = GFTitleLabel.swift; sourceTree = "<group>"; };
		2C81F02629310716003C2C6A /* GFTextField.swift */ = {isa = PBXFileReference; lastKnownFileType = sourcecode.swift; path = GFTextField.swift; sourceTree = "<group>"; };
		2C81F02829310862003C2C6A /* GFButton.swift */ = {isa = PBXFileReference; lastKnownFileType = sourcecode.swift; path = GFButton.swift; sourceTree = "<group>"; };
		2C81F02B29310954003C2C6A /* Constants.swift */ = {isa = PBXFileReference; lastKnownFileType = sourcecode.swift; path = Constants.swift; sourceTree = "<group>"; };
		2C81F02E29310B3F003C2C6A /* NetworkLayer.swift */ = {isa = PBXFileReference; lastKnownFileType = sourcecode.swift; path = NetworkLayer.swift; sourceTree = "<group>"; };
		2C81F03129310BAA003C2C6A /* Follower.swift */ = {isa = PBXFileReference; lastKnownFileType = sourcecode.swift; path = Follower.swift; sourceTree = "<group>"; };
		2C81F03329310BB2003C2C6A /* User.swift */ = {isa = PBXFileReference; lastKnownFileType = sourcecode.swift; path = User.swift; sourceTree = "<group>"; };
		2C81F03529310CE3003C2C6A /* GFError.swift */ = {isa = PBXFileReference; lastKnownFileType = sourcecode.swift; path = GFError.swift; sourceTree = "<group>"; };
		2C81F03729310EA9003C2C6A /* FollowerListVC.swift */ = {isa = PBXFileReference; lastKnownFileType = sourcecode.swift; path = FollowerListVC.swift; sourceTree = "<group>"; };
		2C81F03A293110D3003C2C6A /* GFAlertVC.swift */ = {isa = PBXFileReference; lastKnownFileType = sourcecode.swift; path = GFAlertVC.swift; sourceTree = "<group>"; };
		2C81F03C293111DA003C2C6A /* UIView+Ext.swift */ = {isa = PBXFileReference; lastKnownFileType = sourcecode.swift; path = "UIView+Ext.swift"; sourceTree = "<group>"; };
		2C81F03F2931130A003C2C6A /* GFBodyLabel.swift */ = {isa = PBXFileReference; lastKnownFileType = sourcecode.swift; path = GFBodyLabel.swift; sourceTree = "<group>"; };
		2C81F04129311613003C2C6A /* UIViewController+Ext.swift */ = {isa = PBXFileReference; lastKnownFileType = sourcecode.swift; path = "UIViewController+Ext.swift"; sourceTree = "<group>"; };
		2C81F04329311956003C2C6A /* UIHelper.swift */ = {isa = PBXFileReference; lastKnownFileType = sourcecode.swift; path = UIHelper.swift; sourceTree = "<group>"; };
		2C81F04629311B25003C2C6A /* GFImageView.swift */ = {isa = PBXFileReference; lastKnownFileType = sourcecode.swift; path = GFImageView.swift; sourceTree = "<group>"; };
		2C81F04929311BAF003C2C6A /* FollowerCell.swift */ = {isa = PBXFileReference; lastKnownFileType = sourcecode.swift; path = FollowerCell.swift; sourceTree = "<group>"; };
		2C81F04B293121FD003C2C6A /* GFDataLoadingVC.swift */ = {isa = PBXFileReference; lastKnownFileType = sourcecode.swift; path = GFDataLoadingVC.swift; sourceTree = "<group>"; };
		2C9339F2293B451700EBB859 /* FavoriteContracts.swift */ = {isa = PBXFileReference; lastKnownFileType = sourcecode.swift; path = FavoriteContracts.swift; sourceTree = "<group>"; };
		2C9339F4293B452300EBB859 /* FavoritePresentation.swift */ = {isa = PBXFileReference; lastKnownFileType = sourcecode.swift; path = FavoritePresentation.swift; sourceTree = "<group>"; };
		2C9339F6293B453C00EBB859 /* FavoriteVM.swift */ = {isa = PBXFileReference; lastKnownFileType = sourcecode.swift; path = FavoriteVM.swift; sourceTree = "<group>"; };
		2C9339F9293B46E100EBB859 /* PersistanceManager.swift */ = {isa = PBXFileReference; lastKnownFileType = sourcecode.swift; path = PersistanceManager.swift; sourceTree = "<group>"; };
		2C9585AB293A80FD00453989 /* FollowerListVM.swift */ = {isa = PBXFileReference; lastKnownFileType = sourcecode.swift; path = FollowerListVM.swift; sourceTree = "<group>"; };
		2C9585AD293A810B00453989 /* FollowerListPresentation.swift */ = {isa = PBXFileReference; lastKnownFileType = sourcecode.swift; path = FollowerListPresentation.swift; sourceTree = "<group>"; };
		2C9585AF293A811400453989 /* FollowerListContracts.swift */ = {isa = PBXFileReference; lastKnownFileType = sourcecode.swift; path = FollowerListContracts.swift; sourceTree = "<group>"; };
		2C9585B1293A890B00453989 /* FollowerListBuilder.swift */ = {isa = PBXFileReference; lastKnownFileType = sourcecode.swift; path = FollowerListBuilder.swift; sourceTree = "<group>"; };
		2C9585B4293AA49F00453989 /* UserInfoContracts.swift */ = {isa = PBXFileReference; lastKnownFileType = sourcecode.swift; path = UserInfoContracts.swift; sourceTree = "<group>"; };
		2C9585B6293AA4AA00453989 /* UserInfoVM.swift */ = {isa = PBXFileReference; lastKnownFileType = sourcecode.swift; path = UserInfoVM.swift; sourceTree = "<group>"; };
		2C9585B8293AA55300453989 /* UserInfoPresentation.swift */ = {isa = PBXFileReference; lastKnownFileType = sourcecode.swift; path = UserInfoPresentation.swift; sourceTree = "<group>"; };
		2C9585BA293AACBE00453989 /* UserInfoVCBuilder.swift */ = {isa = PBXFileReference; lastKnownFileType = sourcecode.swift; path = UserInfoVCBuilder.swift; sourceTree = "<group>"; };
		2C9585BE293AAEE600453989 /* AppContainer.swift */ = {isa = PBXFileReference; lastKnownFileType = sourcecode.swift; path = AppContainer.swift; sourceTree = "<group>"; };
		2C9BC5652932227B007946AB /* GFItemInfo.swift */ = {isa = PBXFileReference; lastKnownFileType = sourcecode.swift; path = GFItemInfo.swift; sourceTree = "<group>"; };
		2C9BC56829322488007946AB /* GFItemInfoVC.swift */ = {isa = PBXFileReference; lastKnownFileType = sourcecode.swift; path = GFItemInfoVC.swift; sourceTree = "<group>"; };
		2C9BC56A2932260C007946AB /* GFRepoInfoVC.swift */ = {isa = PBXFileReference; lastKnownFileType = sourcecode.swift; path = GFRepoInfoVC.swift; sourceTree = "<group>"; };
		2C9BC56C29322980007946AB /* GFFollowerInfoVC.swift */ = {isa = PBXFileReference; lastKnownFileType = sourcecode.swift; path = GFFollowerInfoVC.swift; sourceTree = "<group>"; };
		2C9BC56E29322C3B007946AB /* Date+Ext.swift */ = {isa = PBXFileReference; lastKnownFileType = sourcecode.swift; path = "Date+Ext.swift"; sourceTree = "<group>"; };
/* End PBXFileReference section */

/* Begin PBXFrameworksBuildPhase section */
		2C81EFFE2930FB3B003C2C6A /* Frameworks */ = {
			isa = PBXFrameworksBuildPhase;
			buildActionMask = 2147483647;
			files = (
			);
			runOnlyForDeploymentPostprocessing = 0;
		};
/* End PBXFrameworksBuildPhase section */

/* Begin PBXGroup section */
		2C348BFC2931358700079ABC /* ViewControllers */ = {
			isa = PBXGroup;
			children = (
				2C348BFD2931358E00079ABC /* UserInfo */,
				2C81F04B293121FD003C2C6A /* GFDataLoadingVC.swift */,
			);
			path = ViewControllers;
			sourceTree = "<group>";
		};
		2C348BFD2931358E00079ABC /* UserInfo */ = {
			isa = PBXGroup;
			children = (
				2C348C0029313B0900079ABC /* GFInfoHeaderVC.swift */,
				2C9BC5652932227B007946AB /* GFItemInfo.swift */,
				2C9BC56829322488007946AB /* GFItemInfoVC.swift */,
				2C9BC56A2932260C007946AB /* GFRepoInfoVC.swift */,
				2C9BC56C29322980007946AB /* GFFollowerInfoVC.swift */,
			);
			path = UserInfo;
			sourceTree = "<group>";
		};
		2C81EFF82930FB3B003C2C6A = {
			isa = PBXGroup;
			children = (
				2C81F0032930FB3B003C2C6A /* GHFollowers */,
				2C81F0022930FB3B003C2C6A /* Products */,
			);
			sourceTree = "<group>";
		};
		2C81F0022930FB3B003C2C6A /* Products */ = {
			isa = PBXGroup;
			children = (
				2C81F0012930FB3B003C2C6A /* GHFollowers.app */,
			);
			name = Products;
			sourceTree = "<group>";
		};
		2C81F0032930FB3B003C2C6A /* GHFollowers */ = {
			isa = PBXGroup;
			children = (
				2C9585BC293AAEC500453989 /* App */,
				2C81F03E293111DD003C2C6A /* Extensions */,
				2C81F02A29310948003C2C6A /* Helper */,
				2C81F02D29310B2C003C2C6A /* Network */,
				2C9339F8293B46D200EBB859 /* Manager */,
				2C81F03029310B9C003C2C6A /* Model */,
				2C81F0202931061F003C2C6A /* Views */,
				2C81F0192930FB7C003C2C6A /* Controllers */,
				2C81F0182930FB70003C2C6A /* Support */,
				2C81F0122930FB3D003C2C6A /* Info.plist */,
			);
			path = GHFollowers;
			sourceTree = "<group>";
		};
		2C81F0182930FB70003C2C6A /* Support */ = {
			isa = PBXGroup;
			children = (
				2C81F0042930FB3B003C2C6A /* AppDelegate.swift */,
				2C81F0062930FB3B003C2C6A /* SceneDelegate.swift */,
				2C81F00D2930FB3D003C2C6A /* Assets.xcassets */,
				2C81F00F2930FB3D003C2C6A /* LaunchScreen.storyboard */,
			);
			path = Support;
			sourceTree = "<group>";
		};
		2C81F0192930FB7C003C2C6A /* Controllers */ = {
			isa = PBXGroup;
			children = (
				2C81F01C2930FBDE003C2C6A /* TabBarVC.swift */,
				2C81F01A2930FB8B003C2C6A /* SearchVC.swift */,
				2C9585AA293A80ED00453989 /* Follower List */,
				2C9585B3293AA44D00453989 /* User Info */,
				2C9339F1293B450500EBB859 /* Favorite List */,
			);
			path = Controllers;
			sourceTree = "<group>";
		};
		2C81F0202931061F003C2C6A /* Views */ = {
			isa = PBXGroup;
			children = (
				2C348BFC2931358700079ABC /* ViewControllers */,
				2C81F04829311B97003C2C6A /* Cell */,
				2C81F04529311B13003C2C6A /* Images */,
				2C81F039293110C6003C2C6A /* Alert */,
				2C81F02529310704003C2C6A /* Text Fields */,
				2C81F02229310629003C2C6A /* Buttons */,
				2C81F02129310624003C2C6A /* Labels */,
			);
			path = Views;
			sourceTree = "<group>";
		};
		2C81F02129310624003C2C6A /* Labels */ = {
			isa = PBXGroup;
			children = (
				2C81F0232931063F003C2C6A /* GFTitleLabel.swift */,
				2C81F03F2931130A003C2C6A /* GFBodyLabel.swift */,
				2C348C0229313B4900079ABC /* GFSecondaryLabel.swift */,
			);
			path = Labels;
			sourceTree = "<group>";
		};
		2C81F02229310629003C2C6A /* Buttons */ = {
			isa = PBXGroup;
			children = (
				2C81F02829310862003C2C6A /* GFButton.swift */,
			);
			path = Buttons;
			sourceTree = "<group>";
		};
		2C81F02529310704003C2C6A /* Text Fields */ = {
			isa = PBXGroup;
			children = (
				2C81F02629310716003C2C6A /* GFTextField.swift */,
			);
			path = "Text Fields";
			sourceTree = "<group>";
		};
		2C81F02A29310948003C2C6A /* Helper */ = {
			isa = PBXGroup;
			children = (
				2C81F02B29310954003C2C6A /* Constants.swift */,
				2C81F03529310CE3003C2C6A /* GFError.swift */,
				2C81F04329311956003C2C6A /* UIHelper.swift */,
			);
			path = Helper;
			sourceTree = "<group>";
		};
		2C81F02D29310B2C003C2C6A /* Network */ = {
			isa = PBXGroup;
			children = (
				2C81F02E29310B3F003C2C6A /* NetworkLayer.swift */,
			);
			path = Network;
			sourceTree = "<group>";
		};
		2C81F03029310B9C003C2C6A /* Model */ = {
			isa = PBXGroup;
			children = (
				2C81F03129310BAA003C2C6A /* Follower.swift */,
				2C81F03329310BB2003C2C6A /* User.swift */,
			);
			path = Model;
			sourceTree = "<group>";
		};
		2C81F039293110C6003C2C6A /* Alert */ = {
			isa = PBXGroup;
			children = (
				2C81F03A293110D3003C2C6A /* GFAlertVC.swift */,
			);
			path = Alert;
			sourceTree = "<group>";
		};
		2C81F03E293111DD003C2C6A /* Extensions */ = {
			isa = PBXGroup;
			children = (
				2C81F03C293111DA003C2C6A /* UIView+Ext.swift */,
				2C81F04129311613003C2C6A /* UIViewController+Ext.swift */,
				2C9BC56E29322C3B007946AB /* Date+Ext.swift */,
			);
			path = Extensions;
			sourceTree = "<group>";
		};
		2C81F04529311B13003C2C6A /* Images */ = {
			isa = PBXGroup;
			children = (
				2C81F04629311B25003C2C6A /* GFImageView.swift */,
			);
			path = Images;
			sourceTree = "<group>";
		};
		2C81F04829311B97003C2C6A /* Cell */ = {
			isa = PBXGroup;
			children = (
				2C81F04929311BAF003C2C6A /* FollowerCell.swift */,
			);
			path = Cell;
			sourceTree = "<group>";
		};
		2C9339F1293B450500EBB859 /* Favorite List */ = {
			isa = PBXGroup;
			children = (
				2C9339F2293B451700EBB859 /* FavoriteContracts.swift */,
				2C81F01E293104C2003C2C6A /* FavoriteListVC.swift */,
				2C9339F6293B453C00EBB859 /* FavoriteVM.swift */,
				2C9339F4293B452300EBB859 /* FavoritePresentation.swift */,
			);
			path = "Favorite List";
			sourceTree = "<group>";
		};
		2C9339F8293B46D200EBB859 /* Manager */ = {
			isa = PBXGroup;
			children = (
				2C9339F9293B46E100EBB859 /* PersistanceManager.swift */,
			);
			path = Manager;
			sourceTree = "<group>";
		};
		2C9585AA293A80ED00453989 /* Follower List */ = {
			isa = PBXGroup;
			children = (
				2C9585B1293A890B00453989 /* FollowerListBuilder.swift */,
				2C9585AF293A811400453989 /* FollowerListContracts.swift */,
				2C81F03729310EA9003C2C6A /* FollowerListVC.swift */,
				2C9585AB293A80FD00453989 /* FollowerListVM.swift */,
				2C9585AD293A810B00453989 /* FollowerListPresentation.swift */,
			);
			path = "Follower List";
			sourceTree = "<group>";
		};
		2C9585B3293AA44D00453989 /* User Info */ = {
			isa = PBXGroup;
			children = (
				2C9585BA293AACBE00453989 /* UserInfoVCBuilder.swift */,
				2C9585B4293AA49F00453989 /* UserInfoContracts.swift */,
				2C348BFE293135BA00079ABC /* UserInfoVC.swift */,
				2C9585B6293AA4AA00453989 /* UserInfoVM.swift */,
				2C9585B8293AA55300453989 /* UserInfoPresentation.swift */,
			);
			path = "User Info";
			sourceTree = "<group>";
		};
		2C9585BC293AAEC500453989 /* App */ = {
			isa = PBXGroup;
			children = (
				2C9585BE293AAEE600453989 /* AppContainer.swift */,
			);
			path = App;
			sourceTree = "<group>";
		};
/* End PBXGroup section */

/* Begin PBXNativeTarget section */
		2C81F0002930FB3B003C2C6A /* GHFollowers */ = {
			isa = PBXNativeTarget;
			buildConfigurationList = 2C81F0152930FB3D003C2C6A /* Build configuration list for PBXNativeTarget "GHFollowers" */;
			buildPhases = (
				2C81EFFD2930FB3B003C2C6A /* Sources */,
				2C81EFFE2930FB3B003C2C6A /* Frameworks */,
				2C81EFFF2930FB3B003C2C6A /* Resources */,
			);
			buildRules = (
			);
			dependencies = (
			);
			name = GHFollowers;
			productName = GHFollowers;
			productReference = 2C81F0012930FB3B003C2C6A /* GHFollowers.app */;
			productType = "com.apple.product-type.application";
		};
/* End PBXNativeTarget section */

/* Begin PBXProject section */
		2C81EFF92930FB3B003C2C6A /* Project object */ = {
			isa = PBXProject;
			attributes = {
				BuildIndependentTargetsInParallel = 1;
				LastSwiftUpdateCheck = 1410;
				LastUpgradeCheck = 1410;
				TargetAttributes = {
					2C81F0002930FB3B003C2C6A = {
						CreatedOnToolsVersion = 14.1;
					};
				};
			};
			buildConfigurationList = 2C81EFFC2930FB3B003C2C6A /* Build configuration list for PBXProject "GHFollowers" */;
			compatibilityVersion = "Xcode 14.0";
			developmentRegion = en;
			hasScannedForEncodings = 0;
			knownRegions = (
				en,
				Base,
			);
			mainGroup = 2C81EFF82930FB3B003C2C6A;
			productRefGroup = 2C81F0022930FB3B003C2C6A /* Products */;
			projectDirPath = "";
			projectRoot = "";
			targets = (
				2C81F0002930FB3B003C2C6A /* GHFollowers */,
			);
		};
/* End PBXProject section */

/* Begin PBXResourcesBuildPhase section */
		2C81EFFF2930FB3B003C2C6A /* Resources */ = {
			isa = PBXResourcesBuildPhase;
			buildActionMask = 2147483647;
			files = (
				2C81F0112930FB3D003C2C6A /* LaunchScreen.storyboard in Resources */,
				2C81F00E2930FB3D003C2C6A /* Assets.xcassets in Resources */,
			);
			runOnlyForDeploymentPostprocessing = 0;
		};
/* End PBXResourcesBuildPhase section */

/* Begin PBXSourcesBuildPhase section */
		2C81EFFD2930FB3B003C2C6A /* Sources */ = {
			isa = PBXSourcesBuildPhase;
			buildActionMask = 2147483647;
			files = (
				2C9BC56D29322980007946AB /* GFFollowerInfoVC.swift in Sources */,
				2C81F03D293111DA003C2C6A /* UIView+Ext.swift in Sources */,
				2C9BC56B2932260C007946AB /* GFRepoInfoVC.swift in Sources */,
				2C9339F3293B451700EBB859 /* FavoriteContracts.swift in Sources */,
				2C81F0242931063F003C2C6A /* GFTitleLabel.swift in Sources */,
				2C348C0129313B0900079ABC /* GFInfoHeaderVC.swift in Sources */,
				2C81F01B2930FB8B003C2C6A /* SearchVC.swift in Sources */,
				2C81F02929310862003C2C6A /* GFButton.swift in Sources */,
				2C9585B2293A890B00453989 /* FollowerListBuilder.swift in Sources */,
				2C81F03629310CE3003C2C6A /* GFError.swift in Sources */,
				2C9339F7293B453C00EBB859 /* FavoriteVM.swift in Sources */,
				2C81F03B293110D3003C2C6A /* GFAlertVC.swift in Sources */,
				2C9585B0293A811400453989 /* FollowerListContracts.swift in Sources */,
				2C9339FA293B46E100EBB859 /* PersistanceManager.swift in Sources */,
				2C9BC56F29322C3B007946AB /* Date+Ext.swift in Sources */,
				2C81F03829310EA9003C2C6A /* FollowerListVC.swift in Sources */,
				2C348C0329313B4900079ABC /* GFSecondaryLabel.swift in Sources */,
				2C9BC56929322488007946AB /* GFItemInfoVC.swift in Sources */,
				2C9585AC293A80FD00453989 /* FollowerListVM.swift in Sources */,
				2C81F04729311B25003C2C6A /* GFImageView.swift in Sources */,
				2C9585B7293AA4AA00453989 /* UserInfoVM.swift in Sources */,
				2C81F04C293121FD003C2C6A /* GFDataLoadingVC.swift in Sources */,
				2C81F01F293104C2003C2C6A /* FavoriteListVC.swift in Sources */,
				2C81F04229311613003C2C6A /* UIViewController+Ext.swift in Sources */,
				2C81F0052930FB3B003C2C6A /* AppDelegate.swift in Sources */,
				2C81F01D2930FBDE003C2C6A /* TabBarVC.swift in Sources */,
				2C81F0072930FB3B003C2C6A /* SceneDelegate.swift in Sources */,
				2C81F02729310716003C2C6A /* GFTextField.swift in Sources */,
				2C81F04A29311BAF003C2C6A /* FollowerCell.swift in Sources */,
				2C9585BF293AAEE600453989 /* AppContainer.swift in Sources */,
				2C81F03429310BB2003C2C6A /* User.swift in Sources */,
				2C9339F5293B452300EBB859 /* FavoritePresentation.swift in Sources */,
				2C81F03229310BAA003C2C6A /* Follower.swift in Sources */,
				2C81F04429311956003C2C6A /* UIHelper.swift in Sources */,
				2C348BFF293135BA00079ABC /* UserInfoVC.swift in Sources */,
				2C9585AE293A810B00453989 /* FollowerListPresentation.swift in Sources */,
				2C81F0402931130A003C2C6A /* GFBodyLabel.swift in Sources */,
				2C9BC5662932227B007946AB /* GFItemInfo.swift in Sources */,
				2C81F02F29310B3F003C2C6A /* NetworkLayer.swift in Sources */,
				2C9585B9293AA55300453989 /* UserInfoPresentation.swift in Sources */,
				2C9585B5293AA49F00453989 /* UserInfoContracts.swift in Sources */,
				2C81F02C29310954003C2C6A /* Constants.swift in Sources */,
				2C9585BB293AACBE00453989 /* UserInfoVCBuilder.swift in Sources */,
			);
			runOnlyForDeploymentPostprocessing = 0;
		};
/* End PBXSourcesBuildPhase section */

/* Begin PBXVariantGroup section */
		2C81F00F2930FB3D003C2C6A /* LaunchScreen.storyboard */ = {
			isa = PBXVariantGroup;
			children = (
				2C81F0102930FB3D003C2C6A /* Base */,
			);
			name = LaunchScreen.storyboard;
			sourceTree = "<group>";
		};
/* End PBXVariantGroup section */

/* Begin XCBuildConfiguration section */
		2C81F0132930FB3D003C2C6A /* Debug */ = {
			isa = XCBuildConfiguration;
			buildSettings = {
				ALWAYS_SEARCH_USER_PATHS = NO;
				CLANG_ANALYZER_NONNULL = YES;
				CLANG_ANALYZER_NUMBER_OBJECT_CONVERSION = YES_AGGRESSIVE;
				CLANG_CXX_LANGUAGE_STANDARD = "gnu++20";
				CLANG_ENABLE_MODULES = YES;
				CLANG_ENABLE_OBJC_ARC = YES;
				CLANG_ENABLE_OBJC_WEAK = YES;
				CLANG_WARN_BLOCK_CAPTURE_AUTORELEASING = YES;
				CLANG_WARN_BOOL_CONVERSION = YES;
				CLANG_WARN_COMMA = YES;
				CLANG_WARN_CONSTANT_CONVERSION = YES;
				CLANG_WARN_DEPRECATED_OBJC_IMPLEMENTATIONS = YES;
				CLANG_WARN_DIRECT_OBJC_ISA_USAGE = YES_ERROR;
				CLANG_WARN_DOCUMENTATION_COMMENTS = YES;
				CLANG_WARN_EMPTY_BODY = YES;
				CLANG_WARN_ENUM_CONVERSION = YES;
				CLANG_WARN_INFINITE_RECURSION = YES;
				CLANG_WARN_INT_CONVERSION = YES;
				CLANG_WARN_NON_LITERAL_NULL_CONVERSION = YES;
				CLANG_WARN_OBJC_IMPLICIT_RETAIN_SELF = YES;
				CLANG_WARN_OBJC_LITERAL_CONVERSION = YES;
				CLANG_WARN_OBJC_ROOT_CLASS = YES_ERROR;
				CLANG_WARN_QUOTED_INCLUDE_IN_FRAMEWORK_HEADER = YES;
				CLANG_WARN_RANGE_LOOP_ANALYSIS = YES;
				CLANG_WARN_STRICT_PROTOTYPES = YES;
				CLANG_WARN_SUSPICIOUS_MOVE = YES;
				CLANG_WARN_UNGUARDED_AVAILABILITY = YES_AGGRESSIVE;
				CLANG_WARN_UNREACHABLE_CODE = YES;
				CLANG_WARN__DUPLICATE_METHOD_MATCH = YES;
				COPY_PHASE_STRIP = NO;
				DEBUG_INFORMATION_FORMAT = dwarf;
				ENABLE_STRICT_OBJC_MSGSEND = YES;
				ENABLE_TESTABILITY = YES;
				GCC_C_LANGUAGE_STANDARD = gnu11;
				GCC_DYNAMIC_NO_PIC = NO;
				GCC_NO_COMMON_BLOCKS = YES;
				GCC_OPTIMIZATION_LEVEL = 0;
				GCC_PREPROCESSOR_DEFINITIONS = (
					"DEBUG=1",
					"$(inherited)",
				);
				GCC_WARN_64_TO_32_BIT_CONVERSION = YES;
				GCC_WARN_ABOUT_RETURN_TYPE = YES_ERROR;
				GCC_WARN_UNDECLARED_SELECTOR = YES;
				GCC_WARN_UNINITIALIZED_AUTOS = YES_AGGRESSIVE;
				GCC_WARN_UNUSED_FUNCTION = YES;
				GCC_WARN_UNUSED_VARIABLE = YES;
				IPHONEOS_DEPLOYMENT_TARGET = 16.1;
				MTL_ENABLE_DEBUG_INFO = INCLUDE_SOURCE;
				MTL_FAST_MATH = YES;
				ONLY_ACTIVE_ARCH = YES;
				SDKROOT = iphoneos;
				SWIFT_ACTIVE_COMPILATION_CONDITIONS = DEBUG;
				SWIFT_OPTIMIZATION_LEVEL = "-Onone";
			};
			name = Debug;
		};
		2C81F0142930FB3D003C2C6A /* Release */ = {
			isa = XCBuildConfiguration;
			buildSettings = {
				ALWAYS_SEARCH_USER_PATHS = NO;
				CLANG_ANALYZER_NONNULL = YES;
				CLANG_ANALYZER_NUMBER_OBJECT_CONVERSION = YES_AGGRESSIVE;
				CLANG_CXX_LANGUAGE_STANDARD = "gnu++20";
				CLANG_ENABLE_MODULES = YES;
				CLANG_ENABLE_OBJC_ARC = YES;
				CLANG_ENABLE_OBJC_WEAK = YES;
				CLANG_WARN_BLOCK_CAPTURE_AUTORELEASING = YES;
				CLANG_WARN_BOOL_CONVERSION = YES;
				CLANG_WARN_COMMA = YES;
				CLANG_WARN_CONSTANT_CONVERSION = YES;
				CLANG_WARN_DEPRECATED_OBJC_IMPLEMENTATIONS = YES;
				CLANG_WARN_DIRECT_OBJC_ISA_USAGE = YES_ERROR;
				CLANG_WARN_DOCUMENTATION_COMMENTS = YES;
				CLANG_WARN_EMPTY_BODY = YES;
				CLANG_WARN_ENUM_CONVERSION = YES;
				CLANG_WARN_INFINITE_RECURSION = YES;
				CLANG_WARN_INT_CONVERSION = YES;
				CLANG_WARN_NON_LITERAL_NULL_CONVERSION = YES;
				CLANG_WARN_OBJC_IMPLICIT_RETAIN_SELF = YES;
				CLANG_WARN_OBJC_LITERAL_CONVERSION = YES;
				CLANG_WARN_OBJC_ROOT_CLASS = YES_ERROR;
				CLANG_WARN_QUOTED_INCLUDE_IN_FRAMEWORK_HEADER = YES;
				CLANG_WARN_RANGE_LOOP_ANALYSIS = YES;
				CLANG_WARN_STRICT_PROTOTYPES = YES;
				CLANG_WARN_SUSPICIOUS_MOVE = YES;
				CLANG_WARN_UNGUARDED_AVAILABILITY = YES_AGGRESSIVE;
				CLANG_WARN_UNREACHABLE_CODE = YES;
				CLANG_WARN__DUPLICATE_METHOD_MATCH = YES;
				COPY_PHASE_STRIP = NO;
				DEBUG_INFORMATION_FORMAT = "dwarf-with-dsym";
				ENABLE_NS_ASSERTIONS = NO;
				ENABLE_STRICT_OBJC_MSGSEND = YES;
				GCC_C_LANGUAGE_STANDARD = gnu11;
				GCC_NO_COMMON_BLOCKS = YES;
				GCC_WARN_64_TO_32_BIT_CONVERSION = YES;
				GCC_WARN_ABOUT_RETURN_TYPE = YES_ERROR;
				GCC_WARN_UNDECLARED_SELECTOR = YES;
				GCC_WARN_UNINITIALIZED_AUTOS = YES_AGGRESSIVE;
				GCC_WARN_UNUSED_FUNCTION = YES;
				GCC_WARN_UNUSED_VARIABLE = YES;
				IPHONEOS_DEPLOYMENT_TARGET = 16.1;
				MTL_ENABLE_DEBUG_INFO = NO;
				MTL_FAST_MATH = YES;
				SDKROOT = iphoneos;
				SWIFT_COMPILATION_MODE = wholemodule;
				SWIFT_OPTIMIZATION_LEVEL = "-O";
				VALIDATE_PRODUCT = YES;
			};
			name = Release;
		};
		2C81F0162930FB3D003C2C6A /* Debug */ = {
			isa = XCBuildConfiguration;
			buildSettings = {
				ASSETCATALOG_COMPILER_APPICON_NAME = AppIcon;
				ASSETCATALOG_COMPILER_GLOBAL_ACCENT_COLOR_NAME = AccentColor;
				CODE_SIGN_STYLE = Automatic;
				CURRENT_PROJECT_VERSION = 1;
				DEVELOPMENT_TEAM = 49Z33V7QZW;
				GENERATE_INFOPLIST_FILE = YES;
				INFOPLIST_FILE = GHFollowers/Info.plist;
				INFOPLIST_KEY_CFBundleDisplayName = "GH Followers";
				INFOPLIST_KEY_UIApplicationSupportsIndirectInputEvents = YES;
				INFOPLIST_KEY_UILaunchStoryboardName = LaunchScreen;
				INFOPLIST_KEY_UISupportedInterfaceOrientations_iPad = "UIInterfaceOrientationPortrait UIInterfaceOrientationPortraitUpsideDown UIInterfaceOrientationLandscapeLeft UIInterfaceOrientationLandscapeRight";
				INFOPLIST_KEY_UISupportedInterfaceOrientations_iPhone = "UIInterfaceOrientationPortrait UIInterfaceOrientationLandscapeLeft UIInterfaceOrientationLandscapeRight";
				IPHONEOS_DEPLOYMENT_TARGET = 13.0;
				LD_RUNPATH_SEARCH_PATHS = (
					"$(inherited)",
					"@executable_path/Frameworks",
				);
				MARKETING_VERSION = 1.0;
				PRODUCT_BUNDLE_IDENTIFIER = com.sameddagl.GHFollowers;
				PRODUCT_NAME = "$(TARGET_NAME)";
				SUPPORTED_PLATFORMS = "iphoneos iphonesimulator";
				SUPPORTS_MACCATALYST = NO;
				SUPPORTS_MAC_DESIGNED_FOR_IPHONE_IPAD = NO;
				SWIFT_EMIT_LOC_STRINGS = YES;
				SWIFT_VERSION = 5.0;
				TARGETED_DEVICE_FAMILY = 1;
			};
			name = Debug;
		};
		2C81F0172930FB3D003C2C6A /* Release */ = {
			isa = XCBuildConfiguration;
			buildSettings = {
				ASSETCATALOG_COMPILER_APPICON_NAME = AppIcon;
				ASSETCATALOG_COMPILER_GLOBAL_ACCENT_COLOR_NAME = AccentColor;
				CODE_SIGN_STYLE = Automatic;
				CURRENT_PROJECT_VERSION = 1;
				DEVELOPMENT_TEAM = 49Z33V7QZW;
				GENERATE_INFOPLIST_FILE = YES;
				INFOPLIST_FILE = GHFollowers/Info.plist;
				INFOPLIST_KEY_CFBundleDisplayName = "GH Followers";
				INFOPLIST_KEY_UIApplicationSupportsIndirectInputEvents = YES;
				INFOPLIST_KEY_UILaunchStoryboardName = LaunchScreen;
				INFOPLIST_KEY_UISupportedInterfaceOrientations_iPad = "UIInterfaceOrientationPortrait UIInterfaceOrientationPortraitUpsideDown UIInterfaceOrientationLandscapeLeft UIInterfaceOrientationLandscapeRight";
				INFOPLIST_KEY_UISupportedInterfaceOrientations_iPhone = "UIInterfaceOrientationPortrait UIInterfaceOrientationLandscapeLeft UIInterfaceOrientationLandscapeRight";
				IPHONEOS_DEPLOYMENT_TARGET = 13.0;
				LD_RUNPATH_SEARCH_PATHS = (
					"$(inherited)",
					"@executable_path/Frameworks",
				);
				MARKETING_VERSION = 1.0;
				PRODUCT_BUNDLE_IDENTIFIER = com.sameddagl.GHFollowers;
				PRODUCT_NAME = "$(TARGET_NAME)";
				SUPPORTED_PLATFORMS = "iphoneos iphonesimulator";
				SUPPORTS_MACCATALYST = NO;
				SUPPORTS_MAC_DESIGNED_FOR_IPHONE_IPAD = NO;
				SWIFT_EMIT_LOC_STRINGS = YES;
				SWIFT_VERSION = 5.0;
				TARGETED_DEVICE_FAMILY = 1;
			};
			name = Release;
		};
/* End XCBuildConfiguration section */

/* Begin XCConfigurationList section */
		2C81EFFC2930FB3B003C2C6A /* Build configuration list for PBXProject "GHFollowers" */ = {
			isa = XCConfigurationList;
			buildConfigurations = (
				2C81F0132930FB3D003C2C6A /* Debug */,
				2C81F0142930FB3D003C2C6A /* Release */,
			);
			defaultConfigurationIsVisible = 0;
			defaultConfigurationName = Release;
		};
		2C81F0152930FB3D003C2C6A /* Build configuration list for PBXNativeTarget "GHFollowers" */ = {
			isa = XCConfigurationList;
			buildConfigurations = (
				2C81F0162930FB3D003C2C6A /* Debug */,
				2C81F0172930FB3D003C2C6A /* Release */,
			);
			defaultConfigurationIsVisible = 0;
			defaultConfigurationName = Release;
		};
/* End XCConfigurationList section */
	};
	rootObject = 2C81EFF92930FB3B003C2C6A /* Project object */;
}
